{
  "name": "accessibility-compliance-toolkit",
  "version": "0.1.0",
  "lockfileVersion": 3,
  "requires": true,
  "packages": {
    "": {
      "name": "accessibility-compliance-toolkit",
      "version": "0.1.0",
      "license": "MIT",
      "bin": {
        "a11y-it": "src/cli.js"
      }
    }
  }
}
