{
  "name": "@germanocosti/conforme-digitale-toolkit",
  "version": "0.2.2",
  "lockfileVersion": 3,
  "requires": true,
  "packages": {
    "": {
      "name": "@germanocosti/conforme-digitale-toolkit",
      "version": "0.2.2",
      "license": "MIT",
      "bin": {
        "conforme-digitale": "src/cli.js",
        "a11y-it": "src/cli.js"
      }
    }
  }
}
